{
  "name": "nativescript-exoplayer",
  "version": "4.0.2",
  "lockfileVersion": 1,
  "requires": true,
  "dependencies": {
    "nativescript-screen-orientation": {
      "version": "2.0.0",
      "resolved": "https://registry.npmjs.org/nativescript-screen-orientation/-/nativescript-screen-orientation-2.0.0.tgz",
      "integrity": "sha1-GOiyBe3+6yHKTMeeWPqh/0b2fjI="
    },
    "tns-platform-declarations": {
      "version": "6.5.8",
      "resolved": "https://registry.npmjs.org/tns-platform-declarations/-/tns-platform-declarations-6.5.8.tgz",
      "integrity": "sha512-QNgRlNO9gsEnq4PHYhT/zqo6sES4Vcd1yE5Oc6NxG0Jiz6lbMv3UKdtmSsGNJxxBeRdWlNj/jrAWq58Nz2GU9w=="
    },
    "typescript": {
      "version": "file:https:/registry.npmjs.org/typescript/-/typescript-3.4.5.tgz",
      "integrity": "sha512-YycBxUb49UUhdNMU5aJ7z5Ej2XGmaIBL0x34vZ82fn3hGvD+bgrMrVDpatgz2f7YxUMJxMkbWxJZeAvDxVe7Vw==",
      "dev": true
    }
  }
}
